{"is_source_file": false, "format": "", "description": "", "external_files": [], "external_methods": [], "published": [], "classes": [], "methods": [], "calls": [], "search-terms": [], "state": 2, "file_id": 68, "knowledge_revision": 134, "git_revision": "0ff25b6e7924d240c2753020c75154f4e3d4abca", "hash": "e9b4c3b42cef0193b7fddb548d37e652", "format-version": 4, "code-base-name": "default", "filename": "fruit_ninja_frontend_workspace/fruit_ninja_frontend/post_process_status.lock", "revision_history": [{"134": "0ff25b6e7924d240c2753020c75154f4e3d4abca"}]}