{"is_source_file": false, "format": "", "description": "", "external_files": [], "external_methods": [], "published": [], "classes": [], "methods": [], "calls": [], "search-terms": [], "state": 2, "file_id": 31, "knowledge_revision": 165, "git_revision": "", "hash": "a4de7ab3de1ee34a90a950ea79da59ca", "format-version": 4, "code-base-name": "default", "filename": "fruit_ninja_frontend_workspace/fruit_ninja_frontend/macos/Runner.xcodeproj/xcshareddata/xcschemes/Runner.xcscheme", "revision_history": [{"165": ""}]}