{"is_source_file": false, "format": "", "description": "", "external_files": [], "external_methods": [], "published": [], "classes": [], "methods": [], "calls": [], "search-terms": [], "state": 2, "file_id": 131, "knowledge_revision": 268, "git_revision": "", "hash": "4bda4b96b32b96e18da73349e9f83ef0", "format-version": 4, "code-base-name": "default", "filename": "fruit_ninja_frontend_workspace/fruit_ninja_frontend/ios/Runner.xcodeproj/project.pbxproj", "revision_history": [{"268": ""}]}